Microsoft Visual Studio Solution File, Format Version 12.00
# Visual Studio Version 17
VisualStudioVersion = 17.5.2.0
MinimumVisualStudioVersion = 10.0.40219.1
Project("{FAE04EC0-301F-11D3-BF4B-00C04F79EFBC}") = "DigitalBank", "DigitalBank.csproj", "{F599F0A0-C9EE-2645-683B-C7E4DF5BBBFE}"
EndProject
Global
	GlobalSection(SolutionConfigurationPlatforms) = preSolution
		Debug|Any CPU = Debug|Any CPU
		Release|Any CPU = Release|Any CPU
	EndGlobalSection
	GlobalSection(ProjectConfigurationPlatforms) = postSolution
		{F599F0A0-C9EE-2645-683B-C7E4DF5BBBFE}.Debug|Any CPU.ActiveCfg = Debug|Any CPU
		{F599F0A0-C9EE-2645-683B-C7E4DF5BBBFE}.Debug|Any CPU.Build.0 = Debug|Any CPU
		{F599F0A0-C9EE-2645-683B-C7E4DF5BBBFE}.Release|Any CPU.ActiveCfg = Release|Any CPU
		{F599F0A0-C9EE-2645-683B-C7E4DF5BBBFE}.Release|Any CPU.Build.0 = Release|Any CPU
	EndGlobalSection
	GlobalSection(SolutionProperties) = preSolution
		HideSolutionNode = FALSE
	EndGlobalSection
	GlobalSection(ExtensibilityGlobals) = postSolution
		SolutionGuid = {23CEA36E-65AD-4052-9172-C2E218FE542C}
	EndGlobalSection
EndGlobal
